
Microsoft Visual Studio Solution File, Format Version 12.00
# Visual Studio Version 17
VisualStudioVersion = 17.4.33205.214
MinimumVisualStudioVersion = 10.0.40219.1
Project("{FAE04EC0-301F-11D3-BF4B-00C04F79EFBC}") = "Home work 12.04.2023(4)", "Home work 12.04.2023(4)\Home work 12.04.2023(4).csproj", "{D05B5102-FD05-47D6-AE5F-F4CEEA0EF3F9}"
EndProject
Global
	GlobalSection(SolutionConfigurationPlatforms) = preSolution
		Debug|Any CPU = Debug|Any CPU
		Release|Any CPU = Release|Any CPU
	EndGlobalSection
	GlobalSection(ProjectConfigurationPlatforms) = postSolution
		{D05B5102-FD05-47D6-AE5F-F4CEEA0EF3F9}.Debug|Any CPU.ActiveCfg = Debug|Any CPU
		{D05B5102-FD05-47D6-AE5F-F4CEEA0EF3F9}.Debug|Any CPU.Build.0 = Debug|Any CPU
		{D05B5102-FD05-47D6-AE5F-F4CEEA0EF3F9}.Release|Any CPU.ActiveCfg = Release|Any CPU
		{D05B5102-FD05-47D6-AE5F-F4CEEA0EF3F9}.Release|Any CPU.Build.0 = Release|Any CPU
	EndGlobalSection
	GlobalSection(SolutionProperties) = preSolution
		HideSolutionNode = FALSE
	EndGlobalSection
	GlobalSection(ExtensibilityGlobals) = postSolution
		SolutionGuid = {626E093A-E19C-4F51-9B16-216C6B50B930}
	EndGlobalSection
EndGlobal
